dependencies:
- name: ayozer-common
  repository: file://../../ayozer-common
  version: 0.1.0
- name: zipkin
  repository: file://../../ayozer-services/zipkin
  version: 0.1.0
- name: configserver
  repository: file://../../ayozer-services/configserver
  version: 0.1.0
- name: eurekaserver
  repository: file://../../ayozer-services/eurekaserver
  version: 0.1.0
- name: accounts
  repository: file://../../ayozer-services/accounts
  version: 0.1.0
- name: cards
  repository: file://../../ayozer-services/cards
  version: 0.1.0
- name: loans
  repository: file://../../ayozer-services/loans
  version: 0.1.0
- name: gatewayserver
  repository: file://../../ayozer-services/gatewayserver
  version: 0.1.0
digest: sha256:8f64b9952817dc79249c4c6a483176578abe4933c85f43b85f8469f9e43228ca
generated: "2023-09-12T15:20:32.874654+03:00"
